
Microsoft Visual Studio Solution File, Format Version 12.00
# Visual Studio Version 16
VisualStudioVersion = 16.0.29609.76
MinimumVisualStudioVersion = 10.0.40219.1
Project("{FAE04EC0-301F-11D3-BF4B-00C04F79EFBC}") = "ArabicProject", "ArabicProject\ArabicProject.csproj", "{C2908190-3FEC-4BF7-9C99-D49A42806353}"
EndProject
Global
	GlobalSection(SolutionConfigurationPlatforms) = preSolution
		Debug|Any CPU = Debug|Any CPU
		Release|Any CPU = Release|Any CPU
	EndGlobalSection
	GlobalSection(ProjectConfigurationPlatforms) = postSolution
		{C2908190-3FEC-4BF7-9C99-D49A42806353}.Debug|Any CPU.ActiveCfg = Debug|Any CPU
		{C2908190-3FEC-4BF7-9C99-D49A42806353}.Debug|Any CPU.Build.0 = Debug|Any CPU
		{C2908190-3FEC-4BF7-9C99-D49A42806353}.Release|Any CPU.ActiveCfg = Release|Any CPU
		{C2908190-3FEC-4BF7-9C99-D49A42806353}.Release|Any CPU.Build.0 = Release|Any CPU
	EndGlobalSection
	GlobalSection(SolutionProperties) = preSolution
		HideSolutionNode = FALSE
	EndGlobalSection
	GlobalSection(ExtensibilityGlobals) = postSolution
		SolutionGuid = {FFFDADBB-F183-4E7B-B53D-6783C2385EFE}
	EndGlobalSection
EndGlobal
